{
    "_readme": [
        "This file locks the dependencies of your project to a known state",
        "Read more about it at https://getcomposer.org/doc/01-basic-usage.md#installing-dependencies",
        "This file is @generated automatically"
    ],
    "content-hash": "fe07704cf770d0a483051a61c33b8bfa",
    "packages": [
        {
            "name": "krokedil/klarna-onsite-messaging",
            "version": "dev-develop",
            "source": {
                "type": "git",
                "url": "https://github.com/krokedil/klarna-onsite-messaging.git",
                "reference": "12fd2a0328a9e52fe490742083c0a638f419cf8d"
            },
            "dist": {
                "type": "zip",
                "url": "https://api.github.com/repos/krokedil/klarna-onsite-messaging/zipball/12fd2a0328a9e52fe490742083c0a638f419cf8d",
                "reference": "12fd2a0328a9e52fe490742083c0a638f419cf8d",
                "shasum": ""
            },
            "require": {
                "php": "~7.4 || ~8.0"
            },
            "require-dev": {
                "10up/wp_mock": "^1.0",
                "php-stubs/woocommerce-stubs": "^8.3",
                "wp-coding-standards/wpcs": "^3.0"
            },
            "type": "library",
            "autoload": {
                "psr-4": {
                    "Krokedil\\KlarnaOnsiteMessaging\\": "src/"
                }
            },
            "archive": {
                "exclude": [
                    "tests/*",
                    "phpunit.xml",
                    "composer-lock.json",
                    ".github/*",
                    ".gitignore",
                    ".gitattributes"
                ]
            },
            "scripts": {
                "phpcs": [
                    "phpcs --standard=phpcs.xml --extensions=php --ignore=vendor/,tests/"
                ],
                "phpcbf": [
                    "phpcbf --standard=phpcs.xml --extensions=php --ignore=vendor/,tests/"
                ],
                "test": [
                    "@php ./vendor/bin/phpunit --configuration phpunit.xml"
                ],
                "test-coverage-html": [
                    "@php ./vendor/bin/phpunit --configuration phpunit.xml --coverage-html coverage"
                ],
                "test-coverage-clover": [
                    "@php ./vendor/bin/phpunit --configuration phpunit.xml --coverage-clover coverage.xml"
                ]
            },
            "license": [
                "GPL-v3"
            ],
            "authors": [
                {
                    "name": "Krokedil AB",
                    "email": "info@krokedil.se"
                }
            ],
            "description": "Klarna On-Site Messaging for WooCommerce",
            "support": {
                "source": "https://github.com/krokedil/klarna-onsite-messaging/tree/develop",
                "issues": "https://github.com/krokedil/klarna-onsite-messaging/issues"
            },
            "time": "2024-03-25T13:08:57+00:00"
        }
    ],
    "packages-dev": [
        {
            "name": "squizlabs/php_codesniffer",
            "version": "dev-master",
            "source": {
                "type": "git",
                "url": "https://github.com/PHPCSStandards/PHP_CodeSniffer.git",
                "reference": "8b8ef253834ef826d0442c88a4b30688f60e4d7a"
            },
            "dist": {
                "type": "zip",
                "url": "https://api.github.com/repos/PHPCSStandards/PHP_CodeSniffer/zipball/8b8ef253834ef826d0442c88a4b30688f60e4d7a",
                "reference": "8b8ef253834ef826d0442c88a4b30688f60e4d7a",
                "shasum": ""
            },
            "require": {
                "ext-simplexml": "*",
                "ext-tokenizer": "*",
                "ext-xmlwriter": "*",
                "php": ">=5.4.0"
            },
            "require-dev": {
                "phpunit/phpunit": "^4.0 || ^5.0 || ^6.0 || ^7.0 || ^8.0 || ^9.3.4"
            },
            "default-branch": true,
            "bin": [
                "bin/phpcbf",
                "bin/phpcs"
            ],
            "type": "library",
            "extra": {
                "branch-alias": {
                    "dev-master": "3.x-dev"
                }
            },
            "notification-url": "https://packagist.org/downloads/",
            "license": [
                "BSD-3-Clause"
            ],
            "authors": [
                {
                    "name": "Greg Sherwood",
                    "role": "Former lead"
                },
                {
                    "name": "Juliette Reinders Folmer",
                    "role": "Current lead"
                },
                {
                    "name": "Contributors",
                    "homepage": "https://github.com/PHPCSStandards/PHP_CodeSniffer/graphs/contributors"
                }
            ],
            "description": "PHP_CodeSniffer tokenizes PHP, JavaScript and CSS files and detects violations of a defined set of coding standards.",
            "homepage": "https://github.com/PHPCSStandards/PHP_CodeSniffer",
            "keywords": [
                "phpcs",
                "standards",
                "static analysis"
            ],
            "support": {
                "issues": "https://github.com/PHPCSStandards/PHP_CodeSniffer/issues",
                "security": "https://github.com/PHPCSStandards/PHP_CodeSniffer/security/policy",
                "source": "https://github.com/PHPCSStandards/PHP_CodeSniffer",
                "wiki": "https://github.com/PHPCSStandards/PHP_CodeSniffer/wiki"
            },
            "funding": [
                {
                    "url": "https://github.com/PHPCSStandards",
                    "type": "github"
                },
                {
                    "url": "https://github.com/jrfnl",
                    "type": "github"
                },
                {
                    "url": "https://opencollective.com/php_codesniffer",
                    "type": "open_collective"
                }
            ],
            "time": "2024-03-20T16:13:41+00:00"
        },
        {
            "name": "wp-coding-standards/wpcs",
            "version": "2.3.0",
            "source": {
                "type": "git",
                "url": "https://github.com/WordPress/WordPress-Coding-Standards.git",
                "reference": "7da1894633f168fe244afc6de00d141f27517b62"
            },
            "dist": {
                "type": "zip",
                "url": "https://api.github.com/repos/WordPress/WordPress-Coding-Standards/zipball/7da1894633f168fe244afc6de00d141f27517b62",
                "reference": "7da1894633f168fe244afc6de00d141f27517b62",
                "shasum": ""
            },
            "require": {
                "php": ">=5.4",
                "squizlabs/php_codesniffer": "^3.3.1"
            },
            "require-dev": {
                "dealerdirect/phpcodesniffer-composer-installer": "^0.5 || ^0.6",
                "phpcompatibility/php-compatibility": "^9.0",
                "phpcsstandards/phpcsdevtools": "^1.0",
                "phpunit/phpunit": "^4.0 || ^5.0 || ^6.0 || ^7.0"
            },
            "suggest": {
                "dealerdirect/phpcodesniffer-composer-installer": "^0.6 || This Composer plugin will sort out the PHPCS 'installed_paths' automatically."
            },
            "type": "phpcodesniffer-standard",
            "notification-url": "https://packagist.org/downloads/",
            "license": [
                "MIT"
            ],
            "authors": [
                {
                    "name": "Contributors",
                    "homepage": "https://github.com/WordPress/WordPress-Coding-Standards/graphs/contributors"
                }
            ],
            "description": "PHP_CodeSniffer rules (sniffs) to enforce WordPress coding conventions",
            "keywords": [
                "phpcs",
                "standards",
                "wordpress"
            ],
            "support": {
                "issues": "https://github.com/WordPress/WordPress-Coding-Standards/issues",
                "source": "https://github.com/WordPress/WordPress-Coding-Standards",
                "wiki": "https://github.com/WordPress/WordPress-Coding-Standards/wiki"
            },
            "time": "2020-05-13T23:57:56+00:00"
        }
    ],
    "aliases": [],
    "minimum-stability": "dev",
    "stability-flags": {
        "krokedil/klarna-onsite-messaging": 20
    },
    "prefer-stable": false,
    "prefer-lowest": false,
    "platform": [],
    "platform-dev": [],
    "plugin-api-version": "2.3.0"
}
