{
    "_readme": [
        "This file locks the dependencies of your project to a known state",
        "Read more about it at https://getcomposer.org/doc/01-basic-usage.md#installing-dependencies",
        "This file is @generated automatically"
    ],
    "content-hash": "d8005cfc348a7e59d79e0794919d4917",
    "packages": [
        {
            "name": "krokedil/klarna-onsite-messaging",
            "version": "1.2.0",
            "source": {
                "type": "git",
                "url": "https://github.com/krokedil/klarna-onsite-messaging.git",
                "reference": "c864c0eb2a7fd8ccd57f7fa845219bcf72a88a2c"
            },
            "dist": {
                "type": "zip",
                "url": "https://api.github.com/repos/krokedil/klarna-onsite-messaging/zipball/c864c0eb2a7fd8ccd57f7fa845219bcf72a88a2c",
                "reference": "c864c0eb2a7fd8ccd57f7fa845219bcf72a88a2c",
                "shasum": ""
            },
            "require": {
                "php": "~7.4 || ~8.0"
            },
            "require-dev": {
                "10up/wp_mock": "^1.0",
                "php-stubs/woocommerce-stubs": "^8.3",
                "wp-coding-standards/wpcs": "^3.0"
            },
            "type": "library",
            "autoload": {
                "psr-4": {
                    "Krokedil\\KlarnaOnsiteMessaging\\": "src/"
                }
            },
            "archive": {
                "exclude": [
                    "tests/*",
                    "phpunit.xml",
                    "composer-lock.json",
                    ".github/*",
                    ".gitignore",
                    ".gitattributes"
                ]
            },
            "scripts": {
                "phpcs": [
                    "phpcs --standard=phpcs.xml --extensions=php --ignore=vendor/,tests/"
                ],
                "phpcbf": [
                    "phpcbf --standard=phpcs.xml --extensions=php --ignore=vendor/,tests/"
                ],
                "test": [
                    "@php ./vendor/bin/phpunit --configuration phpunit.xml"
                ],
                "test-coverage-html": [
                    "@php ./vendor/bin/phpunit --configuration phpunit.xml --coverage-html coverage"
                ],
                "test-coverage-clover": [
                    "@php ./vendor/bin/phpunit --configuration phpunit.xml --coverage-clover coverage.xml"
                ]
            },
            "license": [
                "GPL-v3"
            ],
            "authors": [
                {
                    "name": "Krokedil AB",
                    "email": "info@krokedil.se"
                }
            ],
            "description": "Klarna On-Site Messaging for WooCommerce",
            "support": {
                "source": "https://github.com/krokedil/klarna-onsite-messaging/tree/1.2.0",
                "issues": "https://github.com/krokedil/klarna-onsite-messaging/issues"
            },
            "time": "2024-09-11T09:30:15+00:00"
        }
    ],
    "packages-dev": [],
    "aliases": [],
    "minimum-stability": "dev",
    "stability-flags": [],
    "prefer-stable": true,
    "prefer-lowest": false,
    "platform": [],
    "platform-dev": [],
    "platform-overrides": {
        "php": "7.4"
    },
    "plugin-api-version": "2.6.0"
}
